
Microsoft Visual Studio Solution File, Format Version 12.00
# Visual Studio 15
VisualStudioVersion = 15.0.26730.15
MinimumVisualStudioVersion = 10.0.40219.1
Project("{9A19103F-16F7-4668-BE54-9A1E7A4F7556}") = "DelegateExample", "DelegateExample\DelegateExample.csproj", "{970C33D0-EE09-48F1-904A-B7063405E2CF}"
EndProject
Project("{FAE04EC0-301F-11D3-BF4B-00C04F79EFBC}") = "EventsExample", "EventsExample\EventsExample.csproj", "{EFF2BFE0-F075-4F76-8895-858F4F684E6E}"
EndProject
Project("{FAE04EC0-301F-11D3-BF4B-00C04F79EFBC}") = "DictionaryExamples", "DictionaryExamples\DictionaryExamples.csproj", "{20451A0E-403F-4C88-BA42-31D5098BE520}"
EndProject
Global
	GlobalSection(SolutionConfigurationPlatforms) = preSolution
		Debug|Any CPU = Debug|Any CPU
		Release|Any CPU = Release|Any CPU
	EndGlobalSection
	GlobalSection(ProjectConfigurationPlatforms) = postSolution
		{970C33D0-EE09-48F1-904A-B7063405E2CF}.Debug|Any CPU.ActiveCfg = Debug|Any CPU
		{970C33D0-EE09-48F1-904A-B7063405E2CF}.Debug|Any CPU.Build.0 = Debug|Any CPU
		{970C33D0-EE09-48F1-904A-B7063405E2CF}.Release|Any CPU.ActiveCfg = Release|Any CPU
		{970C33D0-EE09-48F1-904A-B7063405E2CF}.Release|Any CPU.Build.0 = Release|Any CPU
		{EFF2BFE0-F075-4F76-8895-858F4F684E6E}.Debug|Any CPU.ActiveCfg = Debug|Any CPU
		{EFF2BFE0-F075-4F76-8895-858F4F684E6E}.Debug|Any CPU.Build.0 = Debug|Any CPU
		{EFF2BFE0-F075-4F76-8895-858F4F684E6E}.Release|Any CPU.ActiveCfg = Release|Any CPU
		{EFF2BFE0-F075-4F76-8895-858F4F684E6E}.Release|Any CPU.Build.0 = Release|Any CPU
		{20451A0E-403F-4C88-BA42-31D5098BE520}.Debug|Any CPU.ActiveCfg = Debug|Any CPU
		{20451A0E-403F-4C88-BA42-31D5098BE520}.Debug|Any CPU.Build.0 = Debug|Any CPU
		{20451A0E-403F-4C88-BA42-31D5098BE520}.Release|Any CPU.ActiveCfg = Release|Any CPU
		{20451A0E-403F-4C88-BA42-31D5098BE520}.Release|Any CPU.Build.0 = Release|Any CPU
	EndGlobalSection
	GlobalSection(SolutionProperties) = preSolution
		HideSolutionNode = FALSE
	EndGlobalSection
	GlobalSection(ExtensibilityGlobals) = postSolution
		SolutionGuid = {463CB31E-6B1B-45E4-926F-AE8B678893DA}
	EndGlobalSection
EndGlobal
